
Microsoft Visual Studio Solution File, Format Version 12.00
# Visual Studio Version 17
VisualStudioVersion = 17.14.36705.20
MinimumVisualStudioVersion = 10.0.40219.1
Project("{FAE04EC0-301F-11D3-BF4B-00C04F79EFBC}") = "LibreriaVeicoli", "LibreriaVeicoli\LibreriaVeicoli.csproj", "{7762BC96-EE69-48CE-9AD4-8279AF8D3525}"
EndProject
Project("{FAE04EC0-301F-11D3-BF4B-00C04F79EFBC}") = "Esercizio 2", "Esercizio 2\Esercizio 2.csproj", "{0C291F5E-D247-4930-91B7-CD00B42D36EC}"
EndProject
Project("{FAE04EC0-301F-11D3-BF4B-00C04F79EFBC}") = "Esercizio 3", "Esercizio 3\Esercizio 3.csproj", "{C9853289-2EE2-444C-9009-CA0D204A7BB9}"
EndProject
Project("{FAE04EC0-301F-11D3-BF4B-00C04F79EFBC}") = "Esercizio 1", "Esercizio_1\Esercizio 1.csproj", "{C6AC22BE-DE6E-41E7-82D3-B060C3CBF7D2}"
EndProject
Global
	GlobalSection(SolutionConfigurationPlatforms) = preSolution
		Debug|Any CPU = Debug|Any CPU
		Release|Any CPU = Release|Any CPU
	EndGlobalSection
	GlobalSection(ProjectConfigurationPlatforms) = postSolution
		{7762BC96-EE69-48CE-9AD4-8279AF8D3525}.Debug|Any CPU.ActiveCfg = Debug|Any CPU
		{7762BC96-EE69-48CE-9AD4-8279AF8D3525}.Debug|Any CPU.Build.0 = Debug|Any CPU
		{7762BC96-EE69-48CE-9AD4-8279AF8D3525}.Release|Any CPU.ActiveCfg = Release|Any CPU
		{7762BC96-EE69-48CE-9AD4-8279AF8D3525}.Release|Any CPU.Build.0 = Release|Any CPU
		{0C291F5E-D247-4930-91B7-CD00B42D36EC}.Debug|Any CPU.ActiveCfg = Debug|Any CPU
		{0C291F5E-D247-4930-91B7-CD00B42D36EC}.Debug|Any CPU.Build.0 = Debug|Any CPU
		{0C291F5E-D247-4930-91B7-CD00B42D36EC}.Release|Any CPU.ActiveCfg = Release|Any CPU
		{0C291F5E-D247-4930-91B7-CD00B42D36EC}.Release|Any CPU.Build.0 = Release|Any CPU
		{C9853289-2EE2-444C-9009-CA0D204A7BB9}.Debug|Any CPU.ActiveCfg = Debug|Any CPU
		{C9853289-2EE2-444C-9009-CA0D204A7BB9}.Debug|Any CPU.Build.0 = Debug|Any CPU
		{C9853289-2EE2-444C-9009-CA0D204A7BB9}.Release|Any CPU.ActiveCfg = Release|Any CPU
		{C9853289-2EE2-444C-9009-CA0D204A7BB9}.Release|Any CPU.Build.0 = Release|Any CPU
		{C6AC22BE-DE6E-41E7-82D3-B060C3CBF7D2}.Debug|Any CPU.ActiveCfg = Debug|Any CPU
		{C6AC22BE-DE6E-41E7-82D3-B060C3CBF7D2}.Debug|Any CPU.Build.0 = Debug|Any CPU
		{C6AC22BE-DE6E-41E7-82D3-B060C3CBF7D2}.Release|Any CPU.ActiveCfg = Release|Any CPU
		{C6AC22BE-DE6E-41E7-82D3-B060C3CBF7D2}.Release|Any CPU.Build.0 = Release|Any CPU
	EndGlobalSection
	GlobalSection(SolutionProperties) = preSolution
		HideSolutionNode = FALSE
	EndGlobalSection
	GlobalSection(ExtensibilityGlobals) = postSolution
		SolutionGuid = {EE671545-EB50-4D72-9B1E-D797F0595EDC}
	EndGlobalSection
EndGlobal
